// !$*UTF8*$!
{
	archiveVersion = 1;
	classes = {
	};
	objectVersion = 51;
	objects = {

/* Begin PBXBuildFile section */
		C281EAE19F2850EB916AE2C5 /* Pods_stopBigBrother.framework in Frameworks */ = {isa = PBXBuildFile; fileRef = E9E14278591AC9044250DBD0 /* Pods_stopBigBrother.framework */; };
		FC0AEC6424A94A7E005036DF /* settingsVC.swift in Sources */ = {isa = PBXBuildFile; fileRef = FC0AEC6324A94A7E005036DF /* settingsVC.swift */; };
		FC57C82624B1903300B26B12 /* CollectionViewCell.swift in Sources */ = {isa = PBXBuildFile; fileRef = FC57C82524B1903300B26B12 /* CollectionViewCell.swift */; };
		FCA8ACA92491AC970028EA0F /* AppDelegate.swift in Sources */ = {isa = PBXBuildFile; fileRef = FCA8ACA82491AC970028EA0F /* AppDelegate.swift */; };
		FCA8ACAB2491AC970028EA0F /* SceneDelegate.swift in Sources */ = {isa = PBXBuildFile; fileRef = FCA8ACAA2491AC970028EA0F /* SceneDelegate.swift */; };
		FCA8ACAD2491AC970028EA0F /* ViewController.swift in Sources */ = {isa = PBXBuildFile; fileRef = FCA8ACAC2491AC970028EA0F /* ViewController.swift */; };
		FCA8ACB02491AC970028EA0F /* Main.storyboard in Resources */ = {isa = PBXBuildFile; fileRef = FCA8ACAE2491AC970028EA0F /* Main.storyboard */; };
		FCA8ACB22491AC990028EA0F /* Assets.xcassets in Resources */ = {isa = PBXBuildFile; fileRef = FCA8ACB12491AC990028EA0F /* Assets.xcassets */; };
		FCA8ACB52491AC990028EA0F /* LaunchScreen.storyboard in Resources */ = {isa = PBXBuildFile; fileRef = FCA8ACB32491AC990028EA0F /* LaunchScreen.storyboard */; };
		FCF2D711249C380E007E8EF3 /* metadataVC.swift in Sources */ = {isa = PBXBuildFile; fileRef = FCF2D710249C380E007E8EF3 /* metadataVC.swift */; };
/* End PBXBuildFile section */

/* Begin PBXFileReference section */
		AE38BAF5422DFCAF2DA50369 /* Pods-stopBigBrother.release.xcconfig */ = {isa = PBXFileReference; includeInIndex = 1; lastKnownFileType = text.xcconfig; name = "Pods-stopBigBrother.release.xcconfig"; path = "Target Support Files/Pods-stopBigBrother/Pods-stopBigBrother.release.xcconfig"; sourceTree = "<group>"; };
		C21772CA8C2485A0A41F6E5A /* Pods-stopBigBrother.debug.xcconfig */ = {isa = PBXFileReference; includeInIndex = 1; lastKnownFileType = text.xcconfig; name = "Pods-stopBigBrother.debug.xcconfig"; path = "Target Support Files/Pods-stopBigBrother/Pods-stopBigBrother.debug.xcconfig"; sourceTree = "<group>"; };
		E9E14278591AC9044250DBD0 /* Pods_stopBigBrother.framework */ = {isa = PBXFileReference; explicitFileType = wrapper.framework; includeInIndex = 0; path = Pods_stopBigBrother.framework; sourceTree = BUILT_PRODUCTS_DIR; };
		FC0AEC6324A94A7E005036DF /* settingsVC.swift */ = {isa = PBXFileReference; lastKnownFileType = sourcecode.swift; path = settingsVC.swift; sourceTree = "<group>"; };
		FC57C82524B1903300B26B12 /* CollectionViewCell.swift */ = {isa = PBXFileReference; lastKnownFileType = sourcecode.swift; path = CollectionViewCell.swift; sourceTree = "<group>"; };
		FCA8ACA52491AC970028EA0F /* stopBigBrother.app */ = {isa = PBXFileReference; explicitFileType = wrapper.application; includeInIndex = 0; path = stopBigBrother.app; sourceTree = BUILT_PRODUCTS_DIR; };
		FCA8ACA82491AC970028EA0F /* AppDelegate.swift */ = {isa = PBXFileReference; lastKnownFileType = sourcecode.swift; path = AppDelegate.swift; sourceTree = "<group>"; };
		FCA8ACAA2491AC970028EA0F /* SceneDelegate.swift */ = {isa = PBXFileReference; lastKnownFileType = sourcecode.swift; path = SceneDelegate.swift; sourceTree = "<group>"; };
		FCA8ACAC2491AC970028EA0F /* ViewController.swift */ = {isa = PBXFileReference; lastKnownFileType = sourcecode.swift; path = ViewController.swift; sourceTree = "<group>"; };
		FCA8ACAF2491AC970028EA0F /* Base */ = {isa = PBXFileReference; lastKnownFileType = file.storyboard; name = Base; path = Base.lproj/Main.storyboard; sourceTree = "<group>"; };
		FCA8ACB12491AC990028EA0F /* Assets.xcassets */ = {isa = PBXFileReference; lastKnownFileType = folder.assetcatalog; path = Assets.xcassets; sourceTree = "<group>"; };
		FCA8ACB42491AC990028EA0F /* Base */ = {isa = PBXFileReference; lastKnownFileType = file.storyboard; name = Base; path = Base.lproj/LaunchScreen.storyboard; sourceTree = "<group>"; };
		FCA8ACB62491AC990028EA0F /* Info.plist */ = {isa = PBXFileReference; lastKnownFileType = text.plist.xml; path = Info.plist; sourceTree = "<group>"; };
		FCF2D710249C380E007E8EF3 /* metadataVC.swift */ = {isa = PBXFileReference; lastKnownFileType = sourcecode.swift; path = metadataVC.swift; sourceTree = "<group>"; };
/* End PBXFileReference section */

/* Begin PBXFrameworksBuildPhase section */
		FCA8ACA22491AC970028EA0F /* Frameworks */ = {
			isa = PBXFrameworksBuildPhase;
			buildActionMask = 2147483647;
			files = (
				C281EAE19F2850EB916AE2C5 /* Pods_stopBigBrother.framework in Frameworks */,
			);
			runOnlyForDeploymentPostprocessing = 0;
		};
/* End PBXFrameworksBuildPhase section */

/* Begin PBXGroup section */
		272D9840DAC943EE93CAC399 /* Frameworks */ = {
			isa = PBXGroup;
			children = (
				E9E14278591AC9044250DBD0 /* Pods_stopBigBrother.framework */,
			);
			name = Frameworks;
			sourceTree = "<group>";
		};
		E71D9F1D3CAED51F9649549B /* Pods */ = {
			isa = PBXGroup;
			children = (
				C21772CA8C2485A0A41F6E5A /* Pods-stopBigBrother.debug.xcconfig */,
				AE38BAF5422DFCAF2DA50369 /* Pods-stopBigBrother.release.xcconfig */,
			);
			path = Pods;
			sourceTree = "<group>";
		};
		FCA8AC9C2491AC970028EA0F = {
			isa = PBXGroup;
			children = (
				FCA8ACA72491AC970028EA0F /* stopBigBrother */,
				FCA8ACA62491AC970028EA0F /* Products */,
				E71D9F1D3CAED51F9649549B /* Pods */,
				272D9840DAC943EE93CAC399 /* Frameworks */,
			);
			sourceTree = "<group>";
		};
		FCA8ACA62491AC970028EA0F /* Products */ = {
			isa = PBXGroup;
			children = (
				FCA8ACA52491AC970028EA0F /* stopBigBrother.app */,
			);
			name = Products;
			sourceTree = "<group>";
		};
		FCA8ACA72491AC970028EA0F /* stopBigBrother */ = {
			isa = PBXGroup;
			children = (
				FC57C82524B1903300B26B12 /* CollectionViewCell.swift */,
				FCA8ACA82491AC970028EA0F /* AppDelegate.swift */,
				FCA8ACAA2491AC970028EA0F /* SceneDelegate.swift */,
				FCA8ACAC2491AC970028EA0F /* ViewController.swift */,
				FCF2D710249C380E007E8EF3 /* metadataVC.swift */,
				FC0AEC6324A94A7E005036DF /* settingsVC.swift */,
				FCA8ACAE2491AC970028EA0F /* Main.storyboard */,
				FCA8ACB12491AC990028EA0F /* Assets.xcassets */,
				FCA8ACB32491AC990028EA0F /* LaunchScreen.storyboard */,
				FCA8ACB62491AC990028EA0F /* Info.plist */,
			);
			path = stopBigBrother;
			sourceTree = "<group>";
		};
/* End PBXGroup section */

/* Begin PBXNativeTarget section */
		FCA8ACA42491AC970028EA0F /* stopBigBrother */ = {
			isa = PBXNativeTarget;
			buildConfigurationList = FCA8ACB92491AC990028EA0F /* Build configuration list for PBXNativeTarget "stopBigBrother" */;
			buildPhases = (
				DC9C38318BF7B212143BE029 /* [CP] Check Pods Manifest.lock */,
				FCA8ACA12491AC970028EA0F /* Sources */,
				FCA8ACA22491AC970028EA0F /* Frameworks */,
				FCA8ACA32491AC970028EA0F /* Resources */,
				B16A7B37BE0BA6110AF7B20F /* [CP] Embed Pods Frameworks */,
			);
			buildRules = (
			);
			dependencies = (
			);
			name = stopBigBrother;
			productName = stopBigBrother;
			productReference = FCA8ACA52491AC970028EA0F /* stopBigBrother.app */;
			productType = "com.apple.product-type.application";
		};
/* End PBXNativeTarget section */

/* Begin PBXProject section */
		FCA8AC9D2491AC970028EA0F /* Project object */ = {
			isa = PBXProject;
			attributes = {
				LastSwiftUpdateCheck = 1150;
				LastUpgradeCheck = 1150;
				ORGANIZATIONNAME = "The Brotherhood Inc.";
				TargetAttributes = {
					FCA8ACA42491AC970028EA0F = {
						CreatedOnToolsVersion = 11.5;
					};
				};
			};
			buildConfigurationList = FCA8ACA02491AC970028EA0F /* Build configuration list for PBXProject "stopBigBrother" */;
			compatibilityVersion = "Xcode 9.3";
			developmentRegion = en;
			hasScannedForEncodings = 0;
			knownRegions = (
				en,
				Base,
			);
			mainGroup = FCA8AC9C2491AC970028EA0F;
			productRefGroup = FCA8ACA62491AC970028EA0F /* Products */;
			projectDirPath = "";
			projectRoot = "";
			targets = (
				FCA8ACA42491AC970028EA0F /* stopBigBrother */,
			);
		};
/* End PBXProject section */

/* Begin PBXResourcesBuildPhase section */
		FCA8ACA32491AC970028EA0F /* Resources */ = {
			isa = PBXResourcesBuildPhase;
			buildActionMask = 2147483647;
			files = (
				FCA8ACB52491AC990028EA0F /* LaunchScreen.storyboard in Resources */,
				FCA8ACB22491AC990028EA0F /* Assets.xcassets in Resources */,
				FCA8ACB02491AC970028EA0F /* Main.storyboard in Resources */,
			);
			runOnlyForDeploymentPostprocessing = 0;
		};
/* End PBXResourcesBuildPhase section */

/* Begin PBXShellScriptBuildPhase section */
		B16A7B37BE0BA6110AF7B20F /* [CP] Embed Pods Frameworks */ = {
			isa = PBXShellScriptBuildPhase;
			buildActionMask = 2147483647;
			files = (
			);
			inputFileListPaths = (
				"${PODS_ROOT}/Target Support Files/Pods-stopBigBrother/Pods-stopBigBrother-frameworks-${CONFIGURATION}-input-files.xcfilelist",
			);
			name = "[CP] Embed Pods Frameworks";
			outputFileListPaths = (
				"${PODS_ROOT}/Target Support Files/Pods-stopBigBrother/Pods-stopBigBrother-frameworks-${CONFIGURATION}-output-files.xcfilelist",
			);
			runOnlyForDeploymentPostprocessing = 0;
			shellPath = /bin/sh;
			shellScript = "\"${PODS_ROOT}/Target Support Files/Pods-stopBigBrother/Pods-stopBigBrother-frameworks.sh\"\n";
			showEnvVarsInLog = 0;
		};
		DC9C38318BF7B212143BE029 /* [CP] Check Pods Manifest.lock */ = {
			isa = PBXShellScriptBuildPhase;
			buildActionMask = 2147483647;
			files = (
			);
			inputFileListPaths = (
			);
			inputPaths = (
				"${PODS_PODFILE_DIR_PATH}/Podfile.lock",
				"${PODS_ROOT}/Manifest.lock",
			);
			name = "[CP] Check Pods Manifest.lock";
			outputFileListPaths = (
			);
			outputPaths = (
				"$(DERIVED_FILE_DIR)/Pods-stopBigBrother-checkManifestLockResult.txt",
			);
			runOnlyForDeploymentPostprocessing = 0;
			shellPath = /bin/sh;
			shellScript = "diff \"${PODS_PODFILE_DIR_PATH}/Podfile.lock\" \"${PODS_ROOT}/Manifest.lock\" > /dev/null\nif [ $? != 0 ] ; then\n    # print error to STDERR\n    echo \"error: The sandbox is not in sync with the Podfile.lock. Run 'pod install' or update your CocoaPods installation.\" >&2\n    exit 1\nfi\n# This output is used by Xcode 'outputs' to avoid re-running this script phase.\necho \"SUCCESS\" > \"${SCRIPT_OUTPUT_FILE_0}\"\n";
			showEnvVarsInLog = 0;
		};
/* End PBXShellScriptBuildPhase section */

/* Begin PBXSourcesBuildPhase section */
		FCA8ACA12491AC970028EA0F /* Sources */ = {
			isa = PBXSourcesBuildPhase;
			buildActionMask = 2147483647;
			files = (
				FCA8ACAD2491AC970028EA0F /* ViewController.swift in Sources */,
				FCF2D711249C380E007E8EF3 /* metadataVC.swift in Sources */,
				FC57C82624B1903300B26B12 /* CollectionViewCell.swift in Sources */,
				FCA8ACA92491AC970028EA0F /* AppDelegate.swift in Sources */,
				FCA8ACAB2491AC970028EA0F /* SceneDelegate.swift in Sources */,
				FC0AEC6424A94A7E005036DF /* settingsVC.swift in Sources */,
			);
			runOnlyForDeploymentPostprocessing = 0;
		};
/* End PBXSourcesBuildPhase section */

/* Begin PBXVariantGroup section */
		FCA8ACAE2491AC970028EA0F /* Main.storyboard */ = {
			isa = PBXVariantGroup;
			children = (
				FCA8ACAF2491AC970028EA0F /* Base */,
			);
			name = Main.storyboard;
			sourceTree = "<group>";
		};
		FCA8ACB32491AC990028EA0F /* LaunchScreen.storyboard */ = {
			isa = PBXVariantGroup;
			children = (
				FCA8ACB42491AC990028EA0F /* Base */,
			);
			name = LaunchScreen.storyboard;
			sourceTree = "<group>";
		};
/* End PBXVariantGroup section */

/* Begin XCBuildConfiguration section */
		FCA8ACB72491AC990028EA0F /* Debug */ = {
			isa = XCBuildConfiguration;
			buildSettings = {
				ALWAYS_SEARCH_USER_PATHS = NO;
				CLANG_ANALYZER_NONNULL = YES;
				CLANG_ANALYZER_NUMBER_OBJECT_CONVERSION = YES_AGGRESSIVE;
				CLANG_CXX_LANGUAGE_STANDARD = "gnu++14";
				CLANG_CXX_LIBRARY = "libc++";
				CLANG_ENABLE_MODULES = YES;
				CLANG_ENABLE_OBJC_ARC = YES;
				CLANG_ENABLE_OBJC_WEAK = YES;
				CLANG_WARN_BLOCK_CAPTURE_AUTORELEASING = YES;
				CLANG_WARN_BOOL_CONVERSION = YES;
				CLANG_WARN_COMMA = YES;
				CLANG_WARN_CONSTANT_CONVERSION = YES;
				CLANG_WARN_DEPRECATED_OBJC_IMPLEMENTATIONS = YES;
				CLANG_WARN_DIRECT_OBJC_ISA_USAGE = YES_ERROR;
				CLANG_WARN_DOCUMENTATION_COMMENTS = YES;
				CLANG_WARN_EMPTY_BODY = YES;
				CLANG_WARN_ENUM_CONVERSION = YES;
				CLANG_WARN_INFINITE_RECURSION = YES;
				CLANG_WARN_INT_CONVERSION = YES;
				CLANG_WARN_NON_LITERAL_NULL_CONVERSION = YES;
				CLANG_WARN_OBJC_IMPLICIT_RETAIN_SELF = YES;
				CLANG_WARN_OBJC_LITERAL_CONVERSION = YES;
				CLANG_WARN_OBJC_ROOT_CLASS = YES_ERROR;
				CLANG_WARN_RANGE_LOOP_ANALYSIS = YES;
				CLANG_WARN_STRICT_PROTOTYPES = YES;
				CLANG_WARN_SUSPICIOUS_MOVE = YES;
				CLANG_WARN_UNGUARDED_AVAILABILITY = YES_AGGRESSIVE;
				CLANG_WARN_UNREACHABLE_CODE = YES;
				CLANG_WARN__DUPLICATE_METHOD_MATCH = YES;
				COPY_PHASE_STRIP = NO;
				DEBUG_INFORMATION_FORMAT = dwarf;
				ENABLE_STRICT_OBJC_MSGSEND = YES;
				ENABLE_TESTABILITY = YES;
				GCC_C_LANGUAGE_STANDARD = gnu11;
				GCC_DYNAMIC_NO_PIC = NO;
				GCC_NO_COMMON_BLOCKS = YES;
				GCC_OPTIMIZATION_LEVEL = 0;
				GCC_PREPROCESSOR_DEFINITIONS = (
					"DEBUG=1",
					"$(inherited)",
				);
				GCC_WARN_64_TO_32_BIT_CONVERSION = YES;
				GCC_WARN_ABOUT_RETURN_TYPE = YES_ERROR;
				GCC_WARN_UNDECLARED_SELECTOR = YES;
				GCC_WARN_UNINITIALIZED_AUTOS = YES_AGGRESSIVE;
				GCC_WARN_UNUSED_FUNCTION = YES;
				GCC_WARN_UNUSED_VARIABLE = YES;
				IPHONEOS_DEPLOYMENT_TARGET = 11.0;
				MTL_ENABLE_DEBUG_INFO = INCLUDE_SOURCE;
				MTL_FAST_MATH = YES;
				ONLY_ACTIVE_ARCH = YES;
				SDKROOT = iphoneos;
				SWIFT_ACTIVE_COMPILATION_CONDITIONS = DEBUG;
				SWIFT_OPTIMIZATION_LEVEL = "-Onone";
			};
			name = Debug;
		};
		FCA8ACB82491AC990028EA0F /* Release */ = {
			isa = XCBuildConfiguration;
			buildSettings = {
				ALWAYS_SEARCH_USER_PATHS = NO;
				CLANG_ANALYZER_NONNULL = YES;
				CLANG_ANALYZER_NUMBER_OBJECT_CONVERSION = YES_AGGRESSIVE;
				CLANG_CXX_LANGUAGE_STANDARD = "gnu++14";
				CLANG_CXX_LIBRARY = "libc++";
				CLANG_ENABLE_MODULES = YES;
				CLANG_ENABLE_OBJC_ARC = YES;
				CLANG_ENABLE_OBJC_WEAK = YES;
				CLANG_WARN_BLOCK_CAPTURE_AUTORELEASING = YES;
				CLANG_WARN_BOOL_CONVERSION = YES;
				CLANG_WARN_COMMA = YES;
				CLANG_WARN_CONSTANT_CONVERSION = YES;
				CLANG_WARN_DEPRECATED_OBJC_IMPLEMENTATIONS = YES;
				CLANG_WARN_DIRECT_OBJC_ISA_USAGE = YES_ERROR;
				CLANG_WARN_DOCUMENTATION_COMMENTS = YES;
				CLANG_WARN_EMPTY_BODY = YES;
				CLANG_WARN_ENUM_CONVERSION = YES;
				CLANG_WARN_INFINITE_RECURSION = YES;
				CLANG_WARN_INT_CONVERSION = YES;
				CLANG_WARN_NON_LITERAL_NULL_CONVERSION = YES;
				CLANG_WARN_OBJC_IMPLICIT_RETAIN_SELF = YES;
				CLANG_WARN_OBJC_LITERAL_CONVERSION = YES;
				CLANG_WARN_OBJC_ROOT_CLASS = YES_ERROR;
				CLANG_WARN_RANGE_LOOP_ANALYSIS = YES;
				CLANG_WARN_STRICT_PROTOTYPES = YES;
				CLANG_WARN_SUSPICIOUS_MOVE = YES;
				CLANG_WARN_UNGUARDED_AVAILABILITY = YES_AGGRESSIVE;
				CLANG_WARN_UNREACHABLE_CODE = YES;
				CLANG_WARN__DUPLICATE_METHOD_MATCH = YES;
				COPY_PHASE_STRIP = NO;
				DEBUG_INFORMATION_FORMAT = "dwarf-with-dsym";
				ENABLE_NS_ASSERTIONS = NO;
				ENABLE_STRICT_OBJC_MSGSEND = YES;
				GCC_C_LANGUAGE_STANDARD = gnu11;
				GCC_NO_COMMON_BLOCKS = YES;
				GCC_WARN_64_TO_32_BIT_CONVERSION = YES;
				GCC_WARN_ABOUT_RETURN_TYPE = YES_ERROR;
				GCC_WARN_UNDECLARED_SELECTOR = YES;
				GCC_WARN_UNINITIALIZED_AUTOS = YES_AGGRESSIVE;
				GCC_WARN_UNUSED_FUNCTION = YES;
				GCC_WARN_UNUSED_VARIABLE = YES;
				IPHONEOS_DEPLOYMENT_TARGET = 11.0;
				MTL_ENABLE_DEBUG_INFO = NO;
				MTL_FAST_MATH = YES;
				SDKROOT = iphoneos;
				SWIFT_COMPILATION_MODE = wholemodule;
				SWIFT_OPTIMIZATION_LEVEL = "-O";
				VALIDATE_PRODUCT = YES;
			};
			name = Release;
		};
		FCA8ACBA2491AC990028EA0F /* Debug */ = {
			isa = XCBuildConfiguration;
			baseConfigurationReference = C21772CA8C2485A0A41F6E5A /* Pods-stopBigBrother.debug.xcconfig */;
			buildSettings = {
				ASSETCATALOG_COMPILER_APPICON_NAME = AppIcon;
				CODE_SIGN_STYLE = Automatic;
				DEVELOPMENT_TEAM = N4YYYHBZX5;
				INFOPLIST_FILE = stopBigBrother/Info.plist;
				IPHONEOS_DEPLOYMENT_TARGET = 11.0;
				LD_RUNPATH_SEARCH_PATHS = (
					"$(inherited)",
					"@executable_path/Frameworks",
				);
				PRODUCT_BUNDLE_IDENTIFIER = com.stopBigBrother.brotherhood;
				PRODUCT_NAME = "$(TARGET_NAME)";
				SWIFT_VERSION = 5.0;
				TARGETED_DEVICE_FAMILY = "1,2";
			};
			name = Debug;
		};
		FCA8ACBB2491AC990028EA0F /* Release */ = {
			isa = XCBuildConfiguration;
			baseConfigurationReference = AE38BAF5422DFCAF2DA50369 /* Pods-stopBigBrother.release.xcconfig */;
			buildSettings = {
				ASSETCATALOG_COMPILER_APPICON_NAME = AppIcon;
				CODE_SIGN_STYLE = Automatic;
				DEVELOPMENT_TEAM = N4YYYHBZX5;
				INFOPLIST_FILE = stopBigBrother/Info.plist;
				IPHONEOS_DEPLOYMENT_TARGET = 11.0;
				LD_RUNPATH_SEARCH_PATHS = (
					"$(inherited)",
					"@executable_path/Frameworks",
				);
				PRODUCT_BUNDLE_IDENTIFIER = com.stopBigBrother.brotherhood;
				PRODUCT_NAME = "$(TARGET_NAME)";
				SWIFT_VERSION = 5.0;
				TARGETED_DEVICE_FAMILY = "1,2";
			};
			name = Release;
		};
/* End XCBuildConfiguration section */

/* Begin XCConfigurationList section */
		FCA8ACA02491AC970028EA0F /* Build configuration list for PBXProject "stopBigBrother" */ = {
			isa = XCConfigurationList;
			buildConfigurations = (
				FCA8ACB72491AC990028EA0F /* Debug */,
				FCA8ACB82491AC990028EA0F /* Release */,
			);
			defaultConfigurationIsVisible = 0;
			defaultConfigurationName = Release;
		};
		FCA8ACB92491AC990028EA0F /* Build configuration list for PBXNativeTarget "stopBigBrother" */ = {
			isa = XCConfigurationList;
			buildConfigurations = (
				FCA8ACBA2491AC990028EA0F /* Debug */,
				FCA8ACBB2491AC990028EA0F /* Release */,
			);
			defaultConfigurationIsVisible = 0;
			defaultConfigurationName = Release;
		};
/* End XCConfigurationList section */
	};
	rootObject = FCA8AC9D2491AC970028EA0F /* Project object */;
}
